// !$*UTF8*$!
{
	archiveVersion = 1;
	classes = {
	};
	objectVersion = 56;
	objects = {

/* Begin PBXBuildFile section */
		8E8E98DD291B7E5E00A49055 /* iAppStore_ReviewApp.swift in Sources */ = {isa = PBXBuildFile; fileRef = 8E8E98DC291B7E5E00A49055 /* iAppStore_ReviewApp.swift */; };
		8E8E98DF291B7E5E00A49055 /* ContentView.swift in Sources */ = {isa = PBXBuildFile; fileRef = 8E8E98DE291B7E5E00A49055 /* ContentView.swift */; };
		8E8E98E1291B7E6100A49055 /* Assets.xcassets in Resources */ = {isa = PBXBuildFile; fileRef = 8E8E98E0291B7E6100A49055 /* Assets.xcassets */; };
		8E8E98E4291B7E6100A49055 /* Preview Assets.xcassets in Resources */ = {isa = PBXBuildFile; fileRef = 8E8E98E3291B7E6100A49055 /* Preview Assets.xcassets */; };
		8E8E98ED291B833F00A49055 /* Color.swift in Sources */ = {isa = PBXBuildFile; fileRef = 8E8E98EC291B833F00A49055 /* Color.swift */; };
		8E8E98EF291B839D00A49055 /* Strings.swift in Sources */ = {isa = PBXBuildFile; fileRef = 8E8E98EE291B839D00A49055 /* Strings.swift */; };
		8E8E98F4291B882300A49055 /* LoadingView.swift in Sources */ = {isa = PBXBuildFile; fileRef = 8E8E98F3291B882300A49055 /* LoadingView.swift */; };
		8E8E98F6291B8DF000A49055 /* RankSortView.swift in Sources */ = {isa = PBXBuildFile; fileRef = 8E8E98F5291B8DF000A49055 /* RankSortView.swift */; };
		8E8E98F9291B955C00A49055 /* ShareSheet.swift in Sources */ = {isa = PBXBuildFile; fileRef = 8E8E98F8291B955C00A49055 /* ShareSheet.swift */; };
		8E8E98FB291B973000A49055 /* Constants.swift in Sources */ = {isa = PBXBuildFile; fileRef = 8E8E98FA291B973000A49055 /* Constants.swift */; };
		8E8E98FD291BAC8300A49055 /* RankHome.swift in Sources */ = {isa = PBXBuildFile; fileRef = 8E8E98FC291BAC8300A49055 /* RankHome.swift */; };
/* End PBXBuildFile section */

/* Begin PBXFileReference section */
		8E8E98D9291B7E5E00A49055 /* iAppStore_Review.app */ = {isa = PBXFileReference; explicitFileType = wrapper.application; includeInIndex = 0; path = iAppStore_Review.app; sourceTree = BUILT_PRODUCTS_DIR; };
		8E8E98DC291B7E5E00A49055 /* iAppStore_ReviewApp.swift */ = {isa = PBXFileReference; lastKnownFileType = sourcecode.swift; path = iAppStore_ReviewApp.swift; sourceTree = "<group>"; };
		8E8E98DE291B7E5E00A49055 /* ContentView.swift */ = {isa = PBXFileReference; lastKnownFileType = sourcecode.swift; path = ContentView.swift; sourceTree = "<group>"; };
		8E8E98E0291B7E6100A49055 /* Assets.xcassets */ = {isa = PBXFileReference; lastKnownFileType = folder.assetcatalog; path = Assets.xcassets; sourceTree = "<group>"; };
		8E8E98E3291B7E6100A49055 /* Preview Assets.xcassets */ = {isa = PBXFileReference; lastKnownFileType = folder.assetcatalog; path = "Preview Assets.xcassets"; sourceTree = "<group>"; };
		8E8E98EC291B833F00A49055 /* Color.swift */ = {isa = PBXFileReference; lastKnownFileType = sourcecode.swift; path = Color.swift; sourceTree = "<group>"; };
		8E8E98EE291B839D00A49055 /* Strings.swift */ = {isa = PBXFileReference; lastKnownFileType = sourcecode.swift; path = Strings.swift; sourceTree = "<group>"; };
		8E8E98F3291B882300A49055 /* LoadingView.swift */ = {isa = PBXFileReference; lastKnownFileType = sourcecode.swift; path = LoadingView.swift; sourceTree = "<group>"; };
		8E8E98F5291B8DF000A49055 /* RankSortView.swift */ = {isa = PBXFileReference; lastKnownFileType = sourcecode.swift; path = RankSortView.swift; sourceTree = "<group>"; };
		8E8E98F8291B955C00A49055 /* ShareSheet.swift */ = {isa = PBXFileReference; lastKnownFileType = sourcecode.swift; path = ShareSheet.swift; sourceTree = "<group>"; };
		8E8E98FA291B973000A49055 /* Constants.swift */ = {isa = PBXFileReference; lastKnownFileType = sourcecode.swift; path = Constants.swift; sourceTree = "<group>"; };
		8E8E98FC291BAC8300A49055 /* RankHome.swift */ = {isa = PBXFileReference; lastKnownFileType = sourcecode.swift; path = RankHome.swift; sourceTree = "<group>"; };
/* End PBXFileReference section */

/* Begin PBXFrameworksBuildPhase section */
		8E8E98D6291B7E5E00A49055 /* Frameworks */ = {
			isa = PBXFrameworksBuildPhase;
			buildActionMask = 2147483647;
			files = (
			);
			runOnlyForDeploymentPostprocessing = 0;
		};
/* End PBXFrameworksBuildPhase section */

/* Begin PBXGroup section */
		8E8E98D0291B7E5E00A49055 = {
			isa = PBXGroup;
			children = (
				8E8E98DB291B7E5E00A49055 /* iAppStore_Review */,
				8E8E98DA291B7E5E00A49055 /* Products */,
			);
			sourceTree = "<group>";
		};
		8E8E98DA291B7E5E00A49055 /* Products */ = {
			isa = PBXGroup;
			children = (
				8E8E98D9291B7E5E00A49055 /* iAppStore_Review.app */,
			);
			name = Products;
			sourceTree = "<group>";
		};
		8E8E98DB291B7E5E00A49055 /* iAppStore_Review */ = {
			isa = PBXGroup;
			children = (
				8E8E98EA291B830000A49055 /* Shared */,
				8E8E98F0291B879F00A49055 /* Components */,
				8E8E98DC291B7E5E00A49055 /* iAppStore_ReviewApp.swift */,
				8E8E98DE291B7E5E00A49055 /* ContentView.swift */,
				8E8E98E0291B7E6100A49055 /* Assets.xcassets */,
				8E8E98E2291B7E6100A49055 /* Preview Content */,
			);
			path = iAppStore_Review;
			sourceTree = "<group>";
		};
		8E8E98E2291B7E6100A49055 /* Preview Content */ = {
			isa = PBXGroup;
			children = (
				8E8E98E3291B7E6100A49055 /* Preview Assets.xcassets */,
			);
			path = "Preview Content";
			sourceTree = "<group>";
		};
		8E8E98EA291B830000A49055 /* Shared */ = {
			isa = PBXGroup;
			children = (
				8E8E98F7291B938800A49055 /* Common */,
				8E8E98F2291B880B00A49055 /* UI */,
				8E8E98EB291B830500A49055 /* Extension */,
			);
			path = Shared;
			sourceTree = "<group>";
		};
		8E8E98EB291B830500A49055 /* Extension */ = {
			isa = PBXGroup;
			children = (
				8E8E98EC291B833F00A49055 /* Color.swift */,
				8E8E98EE291B839D00A49055 /* Strings.swift */,
			);
			path = Extension;
			sourceTree = "<group>";
		};
		8E8E98F0291B879F00A49055 /* Components */ = {
			isa = PBXGroup;
			children = (
				8E8E98F1291B87B700A49055 /* RankLists */,
			);
			path = Components;
			sourceTree = "<group>";
		};
		8E8E98F1291B87B700A49055 /* RankLists */ = {
			isa = PBXGroup;
			children = (
				8E8E98F5291B8DF000A49055 /* RankSortView.swift */,
				8E8E98FC291BAC8300A49055 /* RankHome.swift */,
			);
			path = RankLists;
			sourceTree = "<group>";
		};
		8E8E98F2291B880B00A49055 /* UI */ = {
			isa = PBXGroup;
			children = (
				8E8E98F3291B882300A49055 /* LoadingView.swift */,
			);
			path = UI;
			sourceTree = "<group>";
		};
		8E8E98F7291B938800A49055 /* Common */ = {
			isa = PBXGroup;
			children = (
				8E8E98F8291B955C00A49055 /* ShareSheet.swift */,
				8E8E98FA291B973000A49055 /* Constants.swift */,
			);
			path = Common;
			sourceTree = "<group>";
		};
/* End PBXGroup section */

/* Begin PBXNativeTarget section */
		8E8E98D8291B7E5E00A49055 /* iAppStore_Review */ = {
			isa = PBXNativeTarget;
			buildConfigurationList = 8E8E98E7291B7E6100A49055 /* Build configuration list for PBXNativeTarget "iAppStore_Review" */;
			buildPhases = (
				8E8E98D5291B7E5E00A49055 /* Sources */,
				8E8E98D6291B7E5E00A49055 /* Frameworks */,
				8E8E98D7291B7E5E00A49055 /* Resources */,
			);
			buildRules = (
			);
			dependencies = (
			);
			name = iAppStore_Review;
			productName = iAppStore_Review;
			productReference = 8E8E98D9291B7E5E00A49055 /* iAppStore_Review.app */;
			productType = "com.apple.product-type.application";
		};
/* End PBXNativeTarget section */

/* Begin PBXProject section */
		8E8E98D1291B7E5E00A49055 /* Project object */ = {
			isa = PBXProject;
			attributes = {
				BuildIndependentTargetsInParallel = 1;
				LastSwiftUpdateCheck = 1400;
				LastUpgradeCheck = 1400;
				TargetAttributes = {
					8E8E98D8291B7E5E00A49055 = {
						CreatedOnToolsVersion = 14.0;
					};
				};
			};
			buildConfigurationList = 8E8E98D4291B7E5E00A49055 /* Build configuration list for PBXProject "iAppStore_Review" */;
			compatibilityVersion = "Xcode 14.0";
			developmentRegion = en;
			hasScannedForEncodings = 0;
			knownRegions = (
				en,
				Base,
			);
			mainGroup = 8E8E98D0291B7E5E00A49055;
			productRefGroup = 8E8E98DA291B7E5E00A49055 /* Products */;
			projectDirPath = "";
			projectRoot = "";
			targets = (
				8E8E98D8291B7E5E00A49055 /* iAppStore_Review */,
			);
		};
/* End PBXProject section */

/* Begin PBXResourcesBuildPhase section */
		8E8E98D7291B7E5E00A49055 /* Resources */ = {
			isa = PBXResourcesBuildPhase;
			buildActionMask = 2147483647;
			files = (
				8E8E98E4291B7E6100A49055 /* Preview Assets.xcassets in Resources */,
				8E8E98E1291B7E6100A49055 /* Assets.xcassets in Resources */,
			);
			runOnlyForDeploymentPostprocessing = 0;
		};
/* End PBXResourcesBuildPhase section */

/* Begin PBXSourcesBuildPhase section */
		8E8E98D5291B7E5E00A49055 /* Sources */ = {
			isa = PBXSourcesBuildPhase;
			buildActionMask = 2147483647;
			files = (
				8E8E98F6291B8DF000A49055 /* RankSortView.swift in Sources */,
				8E8E98DF291B7E5E00A49055 /* ContentView.swift in Sources */,
				8E8E98FD291BAC8300A49055 /* RankHome.swift in Sources */,
				8E8E98DD291B7E5E00A49055 /* iAppStore_ReviewApp.swift in Sources */,
				8E8E98EF291B839D00A49055 /* Strings.swift in Sources */,
				8E8E98F4291B882300A49055 /* LoadingView.swift in Sources */,
				8E8E98ED291B833F00A49055 /* Color.swift in Sources */,
				8E8E98F9291B955C00A49055 /* ShareSheet.swift in Sources */,
				8E8E98FB291B973000A49055 /* Constants.swift in Sources */,
			);
			runOnlyForDeploymentPostprocessing = 0;
		};
/* End PBXSourcesBuildPhase section */

/* Begin XCBuildConfiguration section */
		8E8E98E5291B7E6100A49055 /* Debug */ = {
			isa = XCBuildConfiguration;
			buildSettings = {
				ALWAYS_SEARCH_USER_PATHS = NO;
				CLANG_ANALYZER_NONNULL = YES;
				CLANG_ANALYZER_NUMBER_OBJECT_CONVERSION = YES_AGGRESSIVE;
				CLANG_CXX_LANGUAGE_STANDARD = "gnu++20";
				CLANG_ENABLE_MODULES = YES;
				CLANG_ENABLE_OBJC_ARC = YES;
				CLANG_ENABLE_OBJC_WEAK = YES;
				CLANG_WARN_BLOCK_CAPTURE_AUTORELEASING = YES;
				CLANG_WARN_BOOL_CONVERSION = YES;
				CLANG_WARN_COMMA = YES;
				CLANG_WARN_CONSTANT_CONVERSION = YES;
				CLANG_WARN_DEPRECATED_OBJC_IMPLEMENTATIONS = YES;
				CLANG_WARN_DIRECT_OBJC_ISA_USAGE = YES_ERROR;
				CLANG_WARN_DOCUMENTATION_COMMENTS = YES;
				CLANG_WARN_EMPTY_BODY = YES;
				CLANG_WARN_ENUM_CONVERSION = YES;
				CLANG_WARN_INFINITE_RECURSION = YES;
				CLANG_WARN_INT_CONVERSION = YES;
				CLANG_WARN_NON_LITERAL_NULL_CONVERSION = YES;
				CLANG_WARN_OBJC_IMPLICIT_RETAIN_SELF = YES;
				CLANG_WARN_OBJC_LITERAL_CONVERSION = YES;
				CLANG_WARN_OBJC_ROOT_CLASS = YES_ERROR;
				CLANG_WARN_QUOTED_INCLUDE_IN_FRAMEWORK_HEADER = YES;
				CLANG_WARN_RANGE_LOOP_ANALYSIS = YES;
				CLANG_WARN_STRICT_PROTOTYPES = YES;
				CLANG_WARN_SUSPICIOUS_MOVE = YES;
				CLANG_WARN_UNGUARDED_AVAILABILITY = YES_AGGRESSIVE;
				CLANG_WARN_UNREACHABLE_CODE = YES;
				CLANG_WARN__DUPLICATE_METHOD_MATCH = YES;
				COPY_PHASE_STRIP = NO;
				DEBUG_INFORMATION_FORMAT = dwarf;
				ENABLE_STRICT_OBJC_MSGSEND = YES;
				ENABLE_TESTABILITY = YES;
				GCC_C_LANGUAGE_STANDARD = gnu11;
				GCC_DYNAMIC_NO_PIC = NO;
				GCC_NO_COMMON_BLOCKS = YES;
				GCC_OPTIMIZATION_LEVEL = 0;
				GCC_PREPROCESSOR_DEFINITIONS = (
					"DEBUG=1",
					"$(inherited)",
				);
				GCC_WARN_64_TO_32_BIT_CONVERSION = YES;
				GCC_WARN_ABOUT_RETURN_TYPE = YES_ERROR;
				GCC_WARN_UNDECLARED_SELECTOR = YES;
				GCC_WARN_UNINITIALIZED_AUTOS = YES_AGGRESSIVE;
				GCC_WARN_UNUSED_FUNCTION = YES;
				GCC_WARN_UNUSED_VARIABLE = YES;
				IPHONEOS_DEPLOYMENT_TARGET = 16.0;
				MTL_ENABLE_DEBUG_INFO = INCLUDE_SOURCE;
				MTL_FAST_MATH = YES;
				ONLY_ACTIVE_ARCH = YES;
				SDKROOT = iphoneos;
				SWIFT_ACTIVE_COMPILATION_CONDITIONS = DEBUG;
				SWIFT_OPTIMIZATION_LEVEL = "-Onone";
			};
			name = Debug;
		};
		8E8E98E6291B7E6100A49055 /* Release */ = {
			isa = XCBuildConfiguration;
			buildSettings = {
				ALWAYS_SEARCH_USER_PATHS = NO;
				CLANG_ANALYZER_NONNULL = YES;
				CLANG_ANALYZER_NUMBER_OBJECT_CONVERSION = YES_AGGRESSIVE;
				CLANG_CXX_LANGUAGE_STANDARD = "gnu++20";
				CLANG_ENABLE_MODULES = YES;
				CLANG_ENABLE_OBJC_ARC = YES;
				CLANG_ENABLE_OBJC_WEAK = YES;
				CLANG_WARN_BLOCK_CAPTURE_AUTORELEASING = YES;
				CLANG_WARN_BOOL_CONVERSION = YES;
				CLANG_WARN_COMMA = YES;
				CLANG_WARN_CONSTANT_CONVERSION = YES;
				CLANG_WARN_DEPRECATED_OBJC_IMPLEMENTATIONS = YES;
				CLANG_WARN_DIRECT_OBJC_ISA_USAGE = YES_ERROR;
				CLANG_WARN_DOCUMENTATION_COMMENTS = YES;
				CLANG_WARN_EMPTY_BODY = YES;
				CLANG_WARN_ENUM_CONVERSION = YES;
				CLANG_WARN_INFINITE_RECURSION = YES;
				CLANG_WARN_INT_CONVERSION = YES;
				CLANG_WARN_NON_LITERAL_NULL_CONVERSION = YES;
				CLANG_WARN_OBJC_IMPLICIT_RETAIN_SELF = YES;
				CLANG_WARN_OBJC_LITERAL_CONVERSION = YES;
				CLANG_WARN_OBJC_ROOT_CLASS = YES_ERROR;
				CLANG_WARN_QUOTED_INCLUDE_IN_FRAMEWORK_HEADER = YES;
				CLANG_WARN_RANGE_LOOP_ANALYSIS = YES;
				CLANG_WARN_STRICT_PROTOTYPES = YES;
				CLANG_WARN_SUSPICIOUS_MOVE = YES;
				CLANG_WARN_UNGUARDED_AVAILABILITY = YES_AGGRESSIVE;
				CLANG_WARN_UNREACHABLE_CODE = YES;
				CLANG_WARN__DUPLICATE_METHOD_MATCH = YES;
				COPY_PHASE_STRIP = NO;
				DEBUG_INFORMATION_FORMAT = "dwarf-with-dsym";
				ENABLE_NS_ASSERTIONS = NO;
				ENABLE_STRICT_OBJC_MSGSEND = YES;
				GCC_C_LANGUAGE_STANDARD = gnu11;
				GCC_NO_COMMON_BLOCKS = YES;
				GCC_WARN_64_TO_32_BIT_CONVERSION = YES;
				GCC_WARN_ABOUT_RETURN_TYPE = YES_ERROR;
				GCC_WARN_UNDECLARED_SELECTOR = YES;
				GCC_WARN_UNINITIALIZED_AUTOS = YES_AGGRESSIVE;
				GCC_WARN_UNUSED_FUNCTION = YES;
				GCC_WARN_UNUSED_VARIABLE = YES;
				IPHONEOS_DEPLOYMENT_TARGET = 16.0;
				MTL_ENABLE_DEBUG_INFO = NO;
				MTL_FAST_MATH = YES;
				SDKROOT = iphoneos;
				SWIFT_COMPILATION_MODE = wholemodule;
				SWIFT_OPTIMIZATION_LEVEL = "-O";
				VALIDATE_PRODUCT = YES;
			};
			name = Release;
		};
		8E8E98E8291B7E6100A49055 /* Debug */ = {
			isa = XCBuildConfiguration;
			buildSettings = {
				ASSETCATALOG_COMPILER_APPICON_NAME = AppIcon;
				ASSETCATALOG_COMPILER_GLOBAL_ACCENT_COLOR_NAME = AccentColor;
				CODE_SIGN_STYLE = Automatic;
				CURRENT_PROJECT_VERSION = 1;
				DEVELOPMENT_ASSET_PATHS = "\"iAppStore_Review/Preview Content\"";
				ENABLE_PREVIEWS = YES;
				GENERATE_INFOPLIST_FILE = YES;
				INFOPLIST_KEY_UIApplicationSceneManifest_Generation = YES;
				INFOPLIST_KEY_UIApplicationSupportsIndirectInputEvents = YES;
				INFOPLIST_KEY_UILaunchScreen_Generation = YES;
				INFOPLIST_KEY_UISupportedInterfaceOrientations_iPad = "UIInterfaceOrientationPortrait UIInterfaceOrientationPortraitUpsideDown UIInterfaceOrientationLandscapeLeft UIInterfaceOrientationLandscapeRight";
				INFOPLIST_KEY_UISupportedInterfaceOrientations_iPhone = "UIInterfaceOrientationPortrait UIInterfaceOrientationLandscapeLeft UIInterfaceOrientationLandscapeRight";
				LD_RUNPATH_SEARCH_PATHS = (
					"$(inherited)",
					"@executable_path/Frameworks",
				);
				MARKETING_VERSION = 1.0;
				PRODUCT_BUNDLE_IDENTIFIER = "com.chm.developer.iAppStore-Review";
				PRODUCT_NAME = "$(TARGET_NAME)";
				SWIFT_EMIT_LOC_STRINGS = YES;
				SWIFT_VERSION = 5.0;
				TARGETED_DEVICE_FAMILY = "1,2";
			};
			name = Debug;
		};
		8E8E98E9291B7E6100A49055 /* Release */ = {
			isa = XCBuildConfiguration;
			buildSettings = {
				ASSETCATALOG_COMPILER_APPICON_NAME = AppIcon;
				ASSETCATALOG_COMPILER_GLOBAL_ACCENT_COLOR_NAME = AccentColor;
				CODE_SIGN_STYLE = Automatic;
				CURRENT_PROJECT_VERSION = 1;
				DEVELOPMENT_ASSET_PATHS = "\"iAppStore_Review/Preview Content\"";
				ENABLE_PREVIEWS = YES;
				GENERATE_INFOPLIST_FILE = YES;
				INFOPLIST_KEY_UIApplicationSceneManifest_Generation = YES;
				INFOPLIST_KEY_UIApplicationSupportsIndirectInputEvents = YES;
				INFOPLIST_KEY_UILaunchScreen_Generation = YES;
				INFOPLIST_KEY_UISupportedInterfaceOrientations_iPad = "UIInterfaceOrientationPortrait UIInterfaceOrientationPortraitUpsideDown UIInterfaceOrientationLandscapeLeft UIInterfaceOrientationLandscapeRight";
				INFOPLIST_KEY_UISupportedInterfaceOrientations_iPhone = "UIInterfaceOrientationPortrait UIInterfaceOrientationLandscapeLeft UIInterfaceOrientationLandscapeRight";
				LD_RUNPATH_SEARCH_PATHS = (
					"$(inherited)",
					"@executable_path/Frameworks",
				);
				MARKETING_VERSION = 1.0;
				PRODUCT_BUNDLE_IDENTIFIER = "com.chm.developer.iAppStore-Review";
				PRODUCT_NAME = "$(TARGET_NAME)";
				SWIFT_EMIT_LOC_STRINGS = YES;
				SWIFT_VERSION = 5.0;
				TARGETED_DEVICE_FAMILY = "1,2";
			};
			name = Release;
		};
/* End XCBuildConfiguration section */

/* Begin XCConfigurationList section */
		8E8E98D4291B7E5E00A49055 /* Build configuration list for PBXProject "iAppStore_Review" */ = {
			isa = XCConfigurationList;
			buildConfigurations = (
				8E8E98E5291B7E6100A49055 /* Debug */,
				8E8E98E6291B7E6100A49055 /* Release */,
			);
			defaultConfigurationIsVisible = 0;
			defaultConfigurationName = Release;
		};
		8E8E98E7291B7E6100A49055 /* Build configuration list for PBXNativeTarget "iAppStore_Review" */ = {
			isa = XCConfigurationList;
			buildConfigurations = (
				8E8E98E8291B7E6100A49055 /* Debug */,
				8E8E98E9291B7E6100A49055 /* Release */,
			);
			defaultConfigurationIsVisible = 0;
			defaultConfigurationName = Release;
		};
/* End XCConfigurationList section */
	};
	rootObject = 8E8E98D1291B7E5E00A49055 /* Project object */;
}
